github.com/ikawaha/kagome-dict v1.0.9 h1:1Gg735LbBYsdFu13fdTvW6eVt0qIf5+S2qXGJtlG8C0=
github.com/ikawaha/kagome-dict v1.0.9/go.mod h1:mn9itZLkFb6Ixko7q8eZmUabHbg3i9EYewnhOtvd2RM=
github.com/ikawaha/kagome-dict/ipa v1.0.10 h1:wk9I21yg+fKdL6HJB9WgGiyXIiu1VttumJwmIRwn0g8=
github.com/ikawaha/kagome-dict/ipa v1.0.10/go.mod h1:rbaOKrF58zhtpV2+2sVZBj0sUSp9dVKPjr660MehJbs=
github.com/ikawaha/kagome/v2 v2.9.4 h1:8TgrcS47+nVCIOyQJRE33+VAqQrdKIGuZ8QI9sHz95E=
github.com/ikawaha/kagome/v2 v2.9.4/go.mod h1:OYzxPG9dQSalvznlcLNR8TEKpPwzKhnZszw9LLbf7e8=
github.com/ikawaha/slackbot v1.4.1 h1:TrRG4H16nNdw7ZeKy4cDwRRjVxmR21oa0su6MdlJ/4Q=
github.com/ikawaha/slackbot v1.4.1/go.mod h1:n/Qd6ONJn1yufhVPWZm66OB2DCfdhbchqRQ6sF5gTdE=
golang.org/x/net v0.17.0 h1:pVaXccu2ozPjCXewfr1S7xza/zcXTity9cCdXQYSjIM=
golang.org/x/net v0.17.0/go.mod h1:NxSsAGuq816PNPmqtQdLE42eU2Fs7NoRIZrHJAlaCOE=
