github.com/ikawaha/kagome-dict v1.0.3 h1:x9i49EDy3tx7HPgQ9+l0AqTB5rEkKPoSTD6NyIe9nF8=
github.com/ikawaha/kagome-dict v1.0.3/go.mod h1:8Ma5E21J2kyaak6KumYLWGLKxm1kaAkCCWKWnrc5o/o=
github.com/ikawaha/kagome-dict/ipa v1.0.3 h1:jt2toGpRha7PPD5mqKEOabmAssichf1IwJykpstgN0s=
github.com/ikawaha/kagome-dict/ipa v1.0.3/go.mod h1:zpMcAFSLDYEq+UI3GnF3IcZE5a0rKB2J0rrKGY6HYW8=
github.com/ikawaha/kagome-dict/uni v1.1.2/go.mod h1:3rH19G7Fp+BQcRMv9GDwZzbXNkHttfcoOVdv9Pi+zyU=
github.com/ikawaha/kagome/v2 v2.6.1 h1:X1pNFN0maC9fxP0cvMa7jYDu3SWV6Ki5jGnVwOkn4HY=
github.com/ikawaha/kagome/v2 v2.6.1/go.mod h1:mi7ZmwkJ3HJuQxj4aYXt801oGqjvMwsYy4HSD/e3Vxg=
github.com/ikawaha/slackbot v1.2.0 h1:p/BAOmYPYkh8lq3iKzHfBUXmGMzsEKZYLCWs7weZlzk=
github.com/ikawaha/slackbot v1.2.0/go.mod h1:+PhPvCxFWX43iZfIWHETMl116eGceWVyeCiPCrSSMIM=
golang.org/x/crypto v0.0.0-20190308221718-c2843e01d9a2/go.mod h1:djNgcEr1/C05ACkg1iLfiJU5Ep61QUkGW8qpdssI0+w=
golang.org/x/net v0.0.0-20190404232315-eb5bcb51f2a3/go.mod h1:t9HGtf8HONx5eT2rtn7q6eTqICYqUVnKs3thJo3Qplg=
golang.org/x/net v0.0.0-20210614182718-04defd469f4e h1:XpT3nA5TvE525Ne3hInMh6+GETgn27Zfm9dxsThnX2Q=
golang.org/x/net v0.0.0-20210614182718-04defd469f4e/go.mod h1:9nx3DQGgdP8bBQD5qxJ1jj9UTztislL4KSBs9R2vV5Y=
golang.org/x/sys v0.0.0-20190215142949-d0b11bdaac8a/go.mod h1:STP8DvDyc/dI5b8T5hshtkjS+E42TnysNCUPdjciGhY=
golang.org/x/sys v0.0.0-20201119102817-f84b799fce68/go.mod h1:h1NjWce9XRLGQEsW7wpKNCjG9DtNlClVuFLEZdDNbEs=
golang.org/x/sys v0.0.0-20210423082822-04245dca01da/go.mod h1:h1NjWce9XRLGQEsW7wpKNCjG9DtNlClVuFLEZdDNbEs=
golang.org/x/term v0.0.0-20201126162022-7de9c90e9dd1/go.mod h1:bj7SfCRtBDWHUb9snDiAeCFNEtKQo2Wmx5Cou7ajbmo=
golang.org/x/text v0.3.0/go.mod h1:NqM8EUOU14njkJ3fqMW+pc6Ldnwhi/IjpwHt7yyuwOQ=
golang.org/x/text v0.3.6/go.mod h1:5Zoc/QRtKVWzQhOtBMvqHzDpF6irO9z98xDceosuGiQ=
golang.org/x/tools v0.0.0-20180917221912-90fa682c2a6e/go.mod h1:n7NCudcB/nEzxVGmLbDWY5pfWTLqBcC2KZ6jyYvM4mQ=
